
Microsoft Visual Studio Solution File, Format Version 12.00
# Visual Studio Version 16
VisualStudioVersion = 16.0.31129.286
MinimumVisualStudioVersion = 10.0.40219.1
Project("{FAE04EC0-301F-11D3-BF4B-00C04F79EFBC}") = "SudokuNET", "SudokuNET\SudokuNET.csproj", "{44F71FB7-7C28-49F0-B0E0-37A7E1C2AC90}"
EndProject
Global
	GlobalSection(SolutionConfigurationPlatforms) = preSolution
		Debug|Any CPU = Debug|Any CPU
		Release|Any CPU = Release|Any CPU
	EndGlobalSection
	GlobalSection(ProjectConfigurationPlatforms) = postSolution
		{44F71FB7-7C28-49F0-B0E0-37A7E1C2AC90}.Debug|Any CPU.ActiveCfg = Debug|Any CPU
		{44F71FB7-7C28-49F0-B0E0-37A7E1C2AC90}.Debug|Any CPU.Build.0 = Debug|Any CPU
		{44F71FB7-7C28-49F0-B0E0-37A7E1C2AC90}.Release|Any CPU.ActiveCfg = Release|Any CPU
		{44F71FB7-7C28-49F0-B0E0-37A7E1C2AC90}.Release|Any CPU.Build.0 = Release|Any CPU
	EndGlobalSection
	GlobalSection(SolutionProperties) = preSolution
		HideSolutionNode = FALSE
	EndGlobalSection
	GlobalSection(ExtensibilityGlobals) = postSolution
		SolutionGuid = {D40B2BFD-D89F-4A79-B368-CEE49FAAA2C0}
	EndGlobalSection
EndGlobal
